
Microsoft Visual Studio Solution File, Format Version 9.00
# Visual Studio 2005
Project("{8BC9CEB8-8B4A-11D0-8D11-00A0C91BC942}") = "Atlante", "Atlante.vcproj", "{138066F0-9AD2-4F57-88D3-F2B0816011AD}"
EndProject
Global
	GlobalSection(SolutionConfigurationPlatforms) = preSolution
		Debug|Win32 = Debug|Win32
		Release|Win32 = Release|Win32
	EndGlobalSection
	GlobalSection(ProjectConfigurationPlatforms) = postSolution
		{138066F0-9AD2-4F57-88D3-F2B0816011AD}.Debug|Win32.ActiveCfg = Debug|Win32
		{138066F0-9AD2-4F57-88D3-F2B0816011AD}.Debug|Win32.Build.0 = Debug|Win32
		{138066F0-9AD2-4F57-88D3-F2B0816011AD}.Release|Win32.ActiveCfg = Release|Win32
		{138066F0-9AD2-4F57-88D3-F2B0816011AD}.Release|Win32.Build.0 = Release|Win32
	EndGlobalSection
	GlobalSection(SolutionProperties) = preSolution
		HideSolutionNode = FALSE
	EndGlobalSection
EndGlobal
